
Microsoft Visual Studio Solution File, Format Version 12.00
# Visual Studio Version 17
VisualStudioVersion = 17.14.36408.4 d17.14
MinimumVisualStudioVersion = 10.0.40219.1
Project("{FAE04EC0-301F-11D3-BF4B-00C04F79EFBC}") = "Matrices_Cofactores", "Matrices_Cofactores\Matrices_Cofactores.csproj", "{B623EF68-F527-4996-808F-7514B801D69E}"
EndProject
Global
	GlobalSection(SolutionConfigurationPlatforms) = preSolution
		Debug|Any CPU = Debug|Any CPU
		Release|Any CPU = Release|Any CPU
	EndGlobalSection
	GlobalSection(ProjectConfigurationPlatforms) = postSolution
		{B623EF68-F527-4996-808F-7514B801D69E}.Debug|Any CPU.ActiveCfg = Debug|Any CPU
		{B623EF68-F527-4996-808F-7514B801D69E}.Debug|Any CPU.Build.0 = Debug|Any CPU
		{B623EF68-F527-4996-808F-7514B801D69E}.Release|Any CPU.ActiveCfg = Release|Any CPU
		{B623EF68-F527-4996-808F-7514B801D69E}.Release|Any CPU.Build.0 = Release|Any CPU
	EndGlobalSection
	GlobalSection(SolutionProperties) = preSolution
		HideSolutionNode = FALSE
	EndGlobalSection
	GlobalSection(ExtensibilityGlobals) = postSolution
		SolutionGuid = {16AF6B76-C62F-456E-863B-9C057027BD88}
	EndGlobalSection
EndGlobal
